github.com/geek1011/yaml v0.0.0-20190717135119-db0123c0912e h1:pvQRziv7p7KIPtCstDzbEbP+QDqXCLejUPi3ocALKkg=
github.com/geek1011/yaml v0.0.0-20190717135119-db0123c0912e/go.mod h1:K4uyk7z7BCEPqu6E+C64Yfv1cQ7kz7rIZviUmN+EgEM=
gopkg.in/check.v1 v0.0.0-20161208181325-20d25e280405/go.mod h1:Co6ibVJAznAaIkqp8huTwlJQCZ016jof/cbN4VW5Yz0=
